
Microsoft Visual Studio Solution File, Format Version 12.00
# Visual Studio Version 17
VisualStudioVersion = 17.8.34330.188
MinimumVisualStudioVersion = 10.0.40219.1
Project("{FAE04EC0-301F-11D3-BF4B-00C04F79EFBC}") = "CourseProject", "CourseProject\CourseProject.csproj", "{853640DB-DCC2-4DE3-8E7A-33A2091C2ABC}"
EndProject
Global
	GlobalSection(SolutionConfigurationPlatforms) = preSolution
		Debug|Any CPU = Debug|Any CPU
		Release|Any CPU = Release|Any CPU
	EndGlobalSection
	GlobalSection(ProjectConfigurationPlatforms) = postSolution
		{853640DB-DCC2-4DE3-8E7A-33A2091C2ABC}.Debug|Any CPU.ActiveCfg = Debug|Any CPU
		{853640DB-DCC2-4DE3-8E7A-33A2091C2ABC}.Debug|Any CPU.Build.0 = Debug|Any CPU
		{853640DB-DCC2-4DE3-8E7A-33A2091C2ABC}.Release|Any CPU.ActiveCfg = Release|Any CPU
		{853640DB-DCC2-4DE3-8E7A-33A2091C2ABC}.Release|Any CPU.Build.0 = Release|Any CPU
	EndGlobalSection
	GlobalSection(SolutionProperties) = preSolution
		HideSolutionNode = FALSE
	EndGlobalSection
	GlobalSection(ExtensibilityGlobals) = postSolution
		SolutionGuid = {A3A1021A-B24B-4F16-9A43-2109A41FEC6B}
	EndGlobalSection
EndGlobal
